// !$*UTF8*$!
{
	archiveVersion = 1;
	classes = {
	};
	objectVersion = 55;
	objects = {

/* Begin PBXBuildFile section */
		1ED4BC21289EA12600689911 /* iTunesSearchAppApp.swift in Sources */ = {isa = PBXBuildFile; fileRef = 1ED4BC20289EA12600689911 /* iTunesSearchAppApp.swift */; };
		1ED4BC23289EA12600689911 /* ContentView.swift in Sources */ = {isa = PBXBuildFile; fileRef = 1ED4BC22289EA12600689911 /* ContentView.swift */; };
		1ED4BC25289EA12800689911 /* Assets.xcassets in Resources */ = {isa = PBXBuildFile; fileRef = 1ED4BC24289EA12800689911 /* Assets.xcassets */; };
		1ED4BC28289EA12800689911 /* Preview Assets.xcassets in Resources */ = {isa = PBXBuildFile; fileRef = 1ED4BC27289EA12800689911 /* Preview Assets.xcassets */; };
		1ED4BC32289EA12800689911 /* iTunesSearchAppTests.swift in Sources */ = {isa = PBXBuildFile; fileRef = 1ED4BC31289EA12800689911 /* iTunesSearchAppTests.swift */; };
		1ED4BC3C289EA12800689911 /* iTunesSearchAppUITests.swift in Sources */ = {isa = PBXBuildFile; fileRef = 1ED4BC3B289EA12800689911 /* iTunesSearchAppUITests.swift */; };
		1ED4BC3E289EA12800689911 /* iTunesSearchAppUITestsLaunchTests.swift in Sources */ = {isa = PBXBuildFile; fileRef = 1ED4BC3D289EA12800689911 /* iTunesSearchAppUITestsLaunchTests.swift */; };
		1ED4BC4E289EA37000689911 /* Album.swift in Sources */ = {isa = PBXBuildFile; fileRef = 1ED4BC4D289EA37000689911 /* Album.swift */; };
		1ED4BC50289EA3FD00689911 /* AlbumListViewModel.swift in Sources */ = {isa = PBXBuildFile; fileRef = 1ED4BC4F289EA3FD00689911 /* AlbumListViewModel.swift */; };
		1ED4BC52289EA50D00689911 /* Song.swift in Sources */ = {isa = PBXBuildFile; fileRef = 1ED4BC51289EA50D00689911 /* Song.swift */; };
		1ED4BC54289EA51300689911 /* Movie.swift in Sources */ = {isa = PBXBuildFile; fileRef = 1ED4BC53289EA51300689911 /* Movie.swift */; };
		1ED4BC56289EA74C00689911 /* AlbumListView.swift in Sources */ = {isa = PBXBuildFile; fileRef = 1ED4BC55289EA74C00689911 /* AlbumListView.swift */; };
/* End PBXBuildFile section */

/* Begin PBXContainerItemProxy section */
		1ED4BC2E289EA12800689911 /* PBXContainerItemProxy */ = {
			isa = PBXContainerItemProxy;
			containerPortal = 1ED4BC15289EA12600689911 /* Project object */;
			proxyType = 1;
			remoteGlobalIDString = 1ED4BC1C289EA12600689911;
			remoteInfo = iTunesSearchApp;
		};
		1ED4BC38289EA12800689911 /* PBXContainerItemProxy */ = {
			isa = PBXContainerItemProxy;
			containerPortal = 1ED4BC15289EA12600689911 /* Project object */;
			proxyType = 1;
			remoteGlobalIDString = 1ED4BC1C289EA12600689911;
			remoteInfo = iTunesSearchApp;
		};
/* End PBXContainerItemProxy section */

/* Begin PBXFileReference section */
		1ED4BC1D289EA12600689911 /* iTunesSearchApp.app */ = {isa = PBXFileReference; explicitFileType = wrapper.application; includeInIndex = 0; path = iTunesSearchApp.app; sourceTree = BUILT_PRODUCTS_DIR; };
		1ED4BC20289EA12600689911 /* iTunesSearchAppApp.swift */ = {isa = PBXFileReference; lastKnownFileType = sourcecode.swift; path = iTunesSearchAppApp.swift; sourceTree = "<group>"; };
		1ED4BC22289EA12600689911 /* ContentView.swift */ = {isa = PBXFileReference; lastKnownFileType = sourcecode.swift; path = ContentView.swift; sourceTree = "<group>"; };
		1ED4BC24289EA12800689911 /* Assets.xcassets */ = {isa = PBXFileReference; lastKnownFileType = folder.assetcatalog; path = Assets.xcassets; sourceTree = "<group>"; };
		1ED4BC27289EA12800689911 /* Preview Assets.xcassets */ = {isa = PBXFileReference; lastKnownFileType = folder.assetcatalog; path = "Preview Assets.xcassets"; sourceTree = "<group>"; };
		1ED4BC2D289EA12800689911 /* iTunesSearchAppTests.xctest */ = {isa = PBXFileReference; explicitFileType = wrapper.cfbundle; includeInIndex = 0; path = iTunesSearchAppTests.xctest; sourceTree = BUILT_PRODUCTS_DIR; };
		1ED4BC31289EA12800689911 /* iTunesSearchAppTests.swift */ = {isa = PBXFileReference; lastKnownFileType = sourcecode.swift; path = iTunesSearchAppTests.swift; sourceTree = "<group>"; };
		1ED4BC37289EA12800689911 /* iTunesSearchAppUITests.xctest */ = {isa = PBXFileReference; explicitFileType = wrapper.cfbundle; includeInIndex = 0; path = iTunesSearchAppUITests.xctest; sourceTree = BUILT_PRODUCTS_DIR; };
		1ED4BC3B289EA12800689911 /* iTunesSearchAppUITests.swift */ = {isa = PBXFileReference; lastKnownFileType = sourcecode.swift; path = iTunesSearchAppUITests.swift; sourceTree = "<group>"; };
		1ED4BC3D289EA12800689911 /* iTunesSearchAppUITestsLaunchTests.swift */ = {isa = PBXFileReference; lastKnownFileType = sourcecode.swift; path = iTunesSearchAppUITestsLaunchTests.swift; sourceTree = "<group>"; };
		1ED4BC4D289EA37000689911 /* Album.swift */ = {isa = PBXFileReference; lastKnownFileType = sourcecode.swift; path = Album.swift; sourceTree = "<group>"; };
		1ED4BC4F289EA3FD00689911 /* AlbumListViewModel.swift */ = {isa = PBXFileReference; lastKnownFileType = sourcecode.swift; path = AlbumListViewModel.swift; sourceTree = "<group>"; };
		1ED4BC51289EA50D00689911 /* Song.swift */ = {isa = PBXFileReference; lastKnownFileType = sourcecode.swift; path = Song.swift; sourceTree = "<group>"; };
		1ED4BC53289EA51300689911 /* Movie.swift */ = {isa = PBXFileReference; lastKnownFileType = sourcecode.swift; path = Movie.swift; sourceTree = "<group>"; };
		1ED4BC55289EA74C00689911 /* AlbumListView.swift */ = {isa = PBXFileReference; lastKnownFileType = sourcecode.swift; path = AlbumListView.swift; sourceTree = "<group>"; };
/* End PBXFileReference section */

/* Begin PBXFrameworksBuildPhase section */
		1ED4BC1A289EA12600689911 /* Frameworks */ = {
			isa = PBXFrameworksBuildPhase;
			buildActionMask = 2147483647;
			files = (
			);
			runOnlyForDeploymentPostprocessing = 0;
		};
		1ED4BC2A289EA12800689911 /* Frameworks */ = {
			isa = PBXFrameworksBuildPhase;
			buildActionMask = 2147483647;
			files = (
			);
			runOnlyForDeploymentPostprocessing = 0;
		};
		1ED4BC34289EA12800689911 /* Frameworks */ = {
			isa = PBXFrameworksBuildPhase;
			buildActionMask = 2147483647;
			files = (
			);
			runOnlyForDeploymentPostprocessing = 0;
		};
/* End PBXFrameworksBuildPhase section */

/* Begin PBXGroup section */
		1ED4BC14289EA12600689911 = {
			isa = PBXGroup;
			children = (
				1ED4BC1F289EA12600689911 /* iTunesSearchApp */,
				1ED4BC30289EA12800689911 /* iTunesSearchAppTests */,
				1ED4BC3A289EA12800689911 /* iTunesSearchAppUITests */,
				1ED4BC1E289EA12600689911 /* Products */,
			);
			sourceTree = "<group>";
		};
		1ED4BC1E289EA12600689911 /* Products */ = {
			isa = PBXGroup;
			children = (
				1ED4BC1D289EA12600689911 /* iTunesSearchApp.app */,
				1ED4BC2D289EA12800689911 /* iTunesSearchAppTests.xctest */,
				1ED4BC37289EA12800689911 /* iTunesSearchAppUITests.xctest */,
			);
			name = Products;
			sourceTree = "<group>";
		};
		1ED4BC1F289EA12600689911 /* iTunesSearchApp */ = {
			isa = PBXGroup;
			children = (
				1ED4BC20289EA12600689911 /* iTunesSearchAppApp.swift */,
				1ED4BC22289EA12600689911 /* ContentView.swift */,
				1ED4BC4A289EA34500689911 /* View */,
				1ED4BC4B289EA35000689911 /* ViewModel */,
				1ED4BC4C289EA36200689911 /* Model */,
				1ED4BC24289EA12800689911 /* Assets.xcassets */,
				1ED4BC26289EA12800689911 /* Preview Content */,
			);
			path = iTunesSearchApp;
			sourceTree = "<group>";
		};
		1ED4BC26289EA12800689911 /* Preview Content */ = {
			isa = PBXGroup;
			children = (
				1ED4BC27289EA12800689911 /* Preview Assets.xcassets */,
			);
			path = "Preview Content";
			sourceTree = "<group>";
		};
		1ED4BC30289EA12800689911 /* iTunesSearchAppTests */ = {
			isa = PBXGroup;
			children = (
				1ED4BC31289EA12800689911 /* iTunesSearchAppTests.swift */,
			);
			path = iTunesSearchAppTests;
			sourceTree = "<group>";
		};
		1ED4BC3A289EA12800689911 /* iTunesSearchAppUITests */ = {
			isa = PBXGroup;
			children = (
				1ED4BC3B289EA12800689911 /* iTunesSearchAppUITests.swift */,
				1ED4BC3D289EA12800689911 /* iTunesSearchAppUITestsLaunchTests.swift */,
			);
			path = iTunesSearchAppUITests;
			sourceTree = "<group>";
		};
		1ED4BC4A289EA34500689911 /* View */ = {
			isa = PBXGroup;
			children = (
				1ED4BC55289EA74C00689911 /* AlbumListView.swift */,
			);
			path = View;
			sourceTree = "<group>";
		};
		1ED4BC4B289EA35000689911 /* ViewModel */ = {
			isa = PBXGroup;
			children = (
				1ED4BC4F289EA3FD00689911 /* AlbumListViewModel.swift */,
			);
			path = ViewModel;
			sourceTree = "<group>";
		};
		1ED4BC4C289EA36200689911 /* Model */ = {
			isa = PBXGroup;
			children = (
				1ED4BC4D289EA37000689911 /* Album.swift */,
				1ED4BC51289EA50D00689911 /* Song.swift */,
				1ED4BC53289EA51300689911 /* Movie.swift */,
			);
			path = Model;
			sourceTree = "<group>";
		};
/* End PBXGroup section */

/* Begin PBXNativeTarget section */
		1ED4BC1C289EA12600689911 /* iTunesSearchApp */ = {
			isa = PBXNativeTarget;
			buildConfigurationList = 1ED4BC41289EA12800689911 /* Build configuration list for PBXNativeTarget "iTunesSearchApp" */;
			buildPhases = (
				1ED4BC19289EA12600689911 /* Sources */,
				1ED4BC1A289EA12600689911 /* Frameworks */,
				1ED4BC1B289EA12600689911 /* Resources */,
			);
			buildRules = (
			);
			dependencies = (
			);
			name = iTunesSearchApp;
			productName = iTunesSearchApp;
			productReference = 1ED4BC1D289EA12600689911 /* iTunesSearchApp.app */;
			productType = "com.apple.product-type.application";
		};
		1ED4BC2C289EA12800689911 /* iTunesSearchAppTests */ = {
			isa = PBXNativeTarget;
			buildConfigurationList = 1ED4BC44289EA12800689911 /* Build configuration list for PBXNativeTarget "iTunesSearchAppTests" */;
			buildPhases = (
				1ED4BC29289EA12800689911 /* Sources */,
				1ED4BC2A289EA12800689911 /* Frameworks */,
				1ED4BC2B289EA12800689911 /* Resources */,
			);
			buildRules = (
			);
			dependencies = (
				1ED4BC2F289EA12800689911 /* PBXTargetDependency */,
			);
			name = iTunesSearchAppTests;
			productName = iTunesSearchAppTests;
			productReference = 1ED4BC2D289EA12800689911 /* iTunesSearchAppTests.xctest */;
			productType = "com.apple.product-type.bundle.unit-test";
		};
		1ED4BC36289EA12800689911 /* iTunesSearchAppUITests */ = {
			isa = PBXNativeTarget;
			buildConfigurationList = 1ED4BC47289EA12800689911 /* Build configuration list for PBXNativeTarget "iTunesSearchAppUITests" */;
			buildPhases = (
				1ED4BC33289EA12800689911 /* Sources */,
				1ED4BC34289EA12800689911 /* Frameworks */,
				1ED4BC35289EA12800689911 /* Resources */,
			);
			buildRules = (
			);
			dependencies = (
				1ED4BC39289EA12800689911 /* PBXTargetDependency */,
			);
			name = iTunesSearchAppUITests;
			productName = iTunesSearchAppUITests;
			productReference = 1ED4BC37289EA12800689911 /* iTunesSearchAppUITests.xctest */;
			productType = "com.apple.product-type.bundle.ui-testing";
		};
/* End PBXNativeTarget section */

/* Begin PBXProject section */
		1ED4BC15289EA12600689911 /* Project object */ = {
			isa = PBXProject;
			attributes = {
				BuildIndependentTargetsInParallel = 1;
				LastSwiftUpdateCheck = 1340;
				LastUpgradeCheck = 1340;
				TargetAttributes = {
					1ED4BC1C289EA12600689911 = {
						CreatedOnToolsVersion = 13.4.1;
					};
					1ED4BC2C289EA12800689911 = {
						CreatedOnToolsVersion = 13.4.1;
						TestTargetID = 1ED4BC1C289EA12600689911;
					};
					1ED4BC36289EA12800689911 = {
						CreatedOnToolsVersion = 13.4.1;
						TestTargetID = 1ED4BC1C289EA12600689911;
					};
				};
			};
			buildConfigurationList = 1ED4BC18289EA12600689911 /* Build configuration list for PBXProject "iTunesSearchApp" */;
			compatibilityVersion = "Xcode 13.0";
			developmentRegion = en;
			hasScannedForEncodings = 0;
			knownRegions = (
				en,
				Base,
			);
			mainGroup = 1ED4BC14289EA12600689911;
			productRefGroup = 1ED4BC1E289EA12600689911 /* Products */;
			projectDirPath = "";
			projectRoot = "";
			targets = (
				1ED4BC1C289EA12600689911 /* iTunesSearchApp */,
				1ED4BC2C289EA12800689911 /* iTunesSearchAppTests */,
				1ED4BC36289EA12800689911 /* iTunesSearchAppUITests */,
			);
		};
/* End PBXProject section */

/* Begin PBXResourcesBuildPhase section */
		1ED4BC1B289EA12600689911 /* Resources */ = {
			isa = PBXResourcesBuildPhase;
			buildActionMask = 2147483647;
			files = (
				1ED4BC28289EA12800689911 /* Preview Assets.xcassets in Resources */,
				1ED4BC25289EA12800689911 /* Assets.xcassets in Resources */,
			);
			runOnlyForDeploymentPostprocessing = 0;
		};
		1ED4BC2B289EA12800689911 /* Resources */ = {
			isa = PBXResourcesBuildPhase;
			buildActionMask = 2147483647;
			files = (
			);
			runOnlyForDeploymentPostprocessing = 0;
		};
		1ED4BC35289EA12800689911 /* Resources */ = {
			isa = PBXResourcesBuildPhase;
			buildActionMask = 2147483647;
			files = (
			);
			runOnlyForDeploymentPostprocessing = 0;
		};
/* End PBXResourcesBuildPhase section */

/* Begin PBXSourcesBuildPhase section */
		1ED4BC19289EA12600689911 /* Sources */ = {
			isa = PBXSourcesBuildPhase;
			buildActionMask = 2147483647;
			files = (
				1ED4BC50289EA3FD00689911 /* AlbumListViewModel.swift in Sources */,
				1ED4BC23289EA12600689911 /* ContentView.swift in Sources */,
				1ED4BC54289EA51300689911 /* Movie.swift in Sources */,
				1ED4BC21289EA12600689911 /* iTunesSearchAppApp.swift in Sources */,
				1ED4BC4E289EA37000689911 /* Album.swift in Sources */,
				1ED4BC52289EA50D00689911 /* Song.swift in Sources */,
				1ED4BC56289EA74C00689911 /* AlbumListView.swift in Sources */,
			);
			runOnlyForDeploymentPostprocessing = 0;
		};
		1ED4BC29289EA12800689911 /* Sources */ = {
			isa = PBXSourcesBuildPhase;
			buildActionMask = 2147483647;
			files = (
				1ED4BC32289EA12800689911 /* iTunesSearchAppTests.swift in Sources */,
			);
			runOnlyForDeploymentPostprocessing = 0;
		};
		1ED4BC33289EA12800689911 /* Sources */ = {
			isa = PBXSourcesBuildPhase;
			buildActionMask = 2147483647;
			files = (
				1ED4BC3E289EA12800689911 /* iTunesSearchAppUITestsLaunchTests.swift in Sources */,
				1ED4BC3C289EA12800689911 /* iTunesSearchAppUITests.swift in Sources */,
			);
			runOnlyForDeploymentPostprocessing = 0;
		};
/* End PBXSourcesBuildPhase section */

/* Begin PBXTargetDependency section */
		1ED4BC2F289EA12800689911 /* PBXTargetDependency */ = {
			isa = PBXTargetDependency;
			target = 1ED4BC1C289EA12600689911 /* iTunesSearchApp */;
			targetProxy = 1ED4BC2E289EA12800689911 /* PBXContainerItemProxy */;
		};
		1ED4BC39289EA12800689911 /* PBXTargetDependency */ = {
			isa = PBXTargetDependency;
			target = 1ED4BC1C289EA12600689911 /* iTunesSearchApp */;
			targetProxy = 1ED4BC38289EA12800689911 /* PBXContainerItemProxy */;
		};
/* End PBXTargetDependency section */

/* Begin XCBuildConfiguration section */
		1ED4BC3F289EA12800689911 /* Debug */ = {
			isa = XCBuildConfiguration;
			buildSettings = {
				ALWAYS_SEARCH_USER_PATHS = NO;
				CLANG_ANALYZER_NONNULL = YES;
				CLANG_ANALYZER_NUMBER_OBJECT_CONVERSION = YES_AGGRESSIVE;
				CLANG_CXX_LANGUAGE_STANDARD = "gnu++17";
				CLANG_ENABLE_MODULES = YES;
				CLANG_ENABLE_OBJC_ARC = YES;
				CLANG_ENABLE_OBJC_WEAK = YES;
				CLANG_WARN_BLOCK_CAPTURE_AUTORELEASING = YES;
				CLANG_WARN_BOOL_CONVERSION = YES;
				CLANG_WARN_COMMA = YES;
				CLANG_WARN_CONSTANT_CONVERSION = YES;
				CLANG_WARN_DEPRECATED_OBJC_IMPLEMENTATIONS = YES;
				CLANG_WARN_DIRECT_OBJC_ISA_USAGE = YES_ERROR;
				CLANG_WARN_DOCUMENTATION_COMMENTS = YES;
				CLANG_WARN_EMPTY_BODY = YES;
				CLANG_WARN_ENUM_CONVERSION = YES;
				CLANG_WARN_INFINITE_RECURSION = YES;
				CLANG_WARN_INT_CONVERSION = YES;
				CLANG_WARN_NON_LITERAL_NULL_CONVERSION = YES;
				CLANG_WARN_OBJC_IMPLICIT_RETAIN_SELF = YES;
				CLANG_WARN_OBJC_LITERAL_CONVERSION = YES;
				CLANG_WARN_OBJC_ROOT_CLASS = YES_ERROR;
				CLANG_WARN_QUOTED_INCLUDE_IN_FRAMEWORK_HEADER = YES;
				CLANG_WARN_RANGE_LOOP_ANALYSIS = YES;
				CLANG_WARN_STRICT_PROTOTYPES = YES;
				CLANG_WARN_SUSPICIOUS_MOVE = YES;
				CLANG_WARN_UNGUARDED_AVAILABILITY = YES_AGGRESSIVE;
				CLANG_WARN_UNREACHABLE_CODE = YES;
				CLANG_WARN__DUPLICATE_METHOD_MATCH = YES;
				COPY_PHASE_STRIP = NO;
				DEBUG_INFORMATION_FORMAT = dwarf;
				ENABLE_STRICT_OBJC_MSGSEND = YES;
				ENABLE_TESTABILITY = YES;
				GCC_C_LANGUAGE_STANDARD = gnu11;
				GCC_DYNAMIC_NO_PIC = NO;
				GCC_NO_COMMON_BLOCKS = YES;
				GCC_OPTIMIZATION_LEVEL = 0;
				GCC_PREPROCESSOR_DEFINITIONS = (
					"DEBUG=1",
					"$(inherited)",
				);
				GCC_WARN_64_TO_32_BIT_CONVERSION = YES;
				GCC_WARN_ABOUT_RETURN_TYPE = YES_ERROR;
				GCC_WARN_UNDECLARED_SELECTOR = YES;
				GCC_WARN_UNINITIALIZED_AUTOS = YES_AGGRESSIVE;
				GCC_WARN_UNUSED_FUNCTION = YES;
				GCC_WARN_UNUSED_VARIABLE = YES;
				IPHONEOS_DEPLOYMENT_TARGET = 15.5;
				MTL_ENABLE_DEBUG_INFO = INCLUDE_SOURCE;
				MTL_FAST_MATH = YES;
				ONLY_ACTIVE_ARCH = YES;
				SDKROOT = iphoneos;
				SWIFT_ACTIVE_COMPILATION_CONDITIONS = DEBUG;
				SWIFT_OPTIMIZATION_LEVEL = "-Onone";
			};
			name = Debug;
		};
		1ED4BC40289EA12800689911 /* Release */ = {
			isa = XCBuildConfiguration;
			buildSettings = {
				ALWAYS_SEARCH_USER_PATHS = NO;
				CLANG_ANALYZER_NONNULL = YES;
				CLANG_ANALYZER_NUMBER_OBJECT_CONVERSION = YES_AGGRESSIVE;
				CLANG_CXX_LANGUAGE_STANDARD = "gnu++17";
				CLANG_ENABLE_MODULES = YES;
				CLANG_ENABLE_OBJC_ARC = YES;
				CLANG_ENABLE_OBJC_WEAK = YES;
				CLANG_WARN_BLOCK_CAPTURE_AUTORELEASING = YES;
				CLANG_WARN_BOOL_CONVERSION = YES;
				CLANG_WARN_COMMA = YES;
				CLANG_WARN_CONSTANT_CONVERSION = YES;
				CLANG_WARN_DEPRECATED_OBJC_IMPLEMENTATIONS = YES;
				CLANG_WARN_DIRECT_OBJC_ISA_USAGE = YES_ERROR;
				CLANG_WARN_DOCUMENTATION_COMMENTS = YES;
				CLANG_WARN_EMPTY_BODY = YES;
				CLANG_WARN_ENUM_CONVERSION = YES;
				CLANG_WARN_INFINITE_RECURSION = YES;
				CLANG_WARN_INT_CONVERSION = YES;
				CLANG_WARN_NON_LITERAL_NULL_CONVERSION = YES;
				CLANG_WARN_OBJC_IMPLICIT_RETAIN_SELF = YES;
				CLANG_WARN_OBJC_LITERAL_CONVERSION = YES;
				CLANG_WARN_OBJC_ROOT_CLASS = YES_ERROR;
				CLANG_WARN_QUOTED_INCLUDE_IN_FRAMEWORK_HEADER = YES;
				CLANG_WARN_RANGE_LOOP_ANALYSIS = YES;
				CLANG_WARN_STRICT_PROTOTYPES = YES;
				CLANG_WARN_SUSPICIOUS_MOVE = YES;
				CLANG_WARN_UNGUARDED_AVAILABILITY = YES_AGGRESSIVE;
				CLANG_WARN_UNREACHABLE_CODE = YES;
				CLANG_WARN__DUPLICATE_METHOD_MATCH = YES;
				COPY_PHASE_STRIP = NO;
				DEBUG_INFORMATION_FORMAT = "dwarf-with-dsym";
				ENABLE_NS_ASSERTIONS = NO;
				ENABLE_STRICT_OBJC_MSGSEND = YES;
				GCC_C_LANGUAGE_STANDARD = gnu11;
				GCC_NO_COMMON_BLOCKS = YES;
				GCC_WARN_64_TO_32_BIT_CONVERSION = YES;
				GCC_WARN_ABOUT_RETURN_TYPE = YES_ERROR;
				GCC_WARN_UNDECLARED_SELECTOR = YES;
				GCC_WARN_UNINITIALIZED_AUTOS = YES_AGGRESSIVE;
				GCC_WARN_UNUSED_FUNCTION = YES;
				GCC_WARN_UNUSED_VARIABLE = YES;
				IPHONEOS_DEPLOYMENT_TARGET = 15.5;
				MTL_ENABLE_DEBUG_INFO = NO;
				MTL_FAST_MATH = YES;
				SDKROOT = iphoneos;
				SWIFT_COMPILATION_MODE = wholemodule;
				SWIFT_OPTIMIZATION_LEVEL = "-O";
				VALIDATE_PRODUCT = YES;
			};
			name = Release;
		};
		1ED4BC42289EA12800689911 /* Debug */ = {
			isa = XCBuildConfiguration;
			buildSettings = {
				ASSETCATALOG_COMPILER_APPICON_NAME = AppIcon;
				ASSETCATALOG_COMPILER_GLOBAL_ACCENT_COLOR_NAME = AccentColor;
				CODE_SIGN_STYLE = Automatic;
				CURRENT_PROJECT_VERSION = 1;
				DEVELOPMENT_ASSET_PATHS = "\"iTunesSearchApp/Preview Content\"";
				DEVELOPMENT_TEAM = 35QFZC39DW;
				ENABLE_PREVIEWS = YES;
				GENERATE_INFOPLIST_FILE = YES;
				INFOPLIST_KEY_UIApplicationSceneManifest_Generation = YES;
				INFOPLIST_KEY_UIApplicationSupportsIndirectInputEvents = YES;
				INFOPLIST_KEY_UILaunchScreen_Generation = YES;
				INFOPLIST_KEY_UISupportedInterfaceOrientations_iPad = "UIInterfaceOrientationPortrait UIInterfaceOrientationPortraitUpsideDown UIInterfaceOrientationLandscapeLeft UIInterfaceOrientationLandscapeRight";
				INFOPLIST_KEY_UISupportedInterfaceOrientations_iPhone = "UIInterfaceOrientationPortrait UIInterfaceOrientationLandscapeLeft UIInterfaceOrientationLandscapeRight";
				LD_RUNPATH_SEARCH_PATHS = (
					"$(inherited)",
					"@executable_path/Frameworks",
				);
				MARKETING_VERSION = 1.0;
				PRODUCT_BUNDLE_IDENTIFIER = co.songpark.iTunesSearchApp;
				PRODUCT_NAME = "$(TARGET_NAME)";
				SWIFT_EMIT_LOC_STRINGS = YES;
				SWIFT_VERSION = 5.0;
				TARGETED_DEVICE_FAMILY = "1,2";
			};
			name = Debug;
		};
		1ED4BC43289EA12800689911 /* Release */ = {
			isa = XCBuildConfiguration;
			buildSettings = {
				ASSETCATALOG_COMPILER_APPICON_NAME = AppIcon;
				ASSETCATALOG_COMPILER_GLOBAL_ACCENT_COLOR_NAME = AccentColor;
				CODE_SIGN_STYLE = Automatic;
				CURRENT_PROJECT_VERSION = 1;
				DEVELOPMENT_ASSET_PATHS = "\"iTunesSearchApp/Preview Content\"";
				DEVELOPMENT_TEAM = 35QFZC39DW;
				ENABLE_PREVIEWS = YES;
				GENERATE_INFOPLIST_FILE = YES;
				INFOPLIST_KEY_UIApplicationSceneManifest_Generation = YES;
				INFOPLIST_KEY_UIApplicationSupportsIndirectInputEvents = YES;
				INFOPLIST_KEY_UILaunchScreen_Generation = YES;
				INFOPLIST_KEY_UISupportedInterfaceOrientations_iPad = "UIInterfaceOrientationPortrait UIInterfaceOrientationPortraitUpsideDown UIInterfaceOrientationLandscapeLeft UIInterfaceOrientationLandscapeRight";
				INFOPLIST_KEY_UISupportedInterfaceOrientations_iPhone = "UIInterfaceOrientationPortrait UIInterfaceOrientationLandscapeLeft UIInterfaceOrientationLandscapeRight";
				LD_RUNPATH_SEARCH_PATHS = (
					"$(inherited)",
					"@executable_path/Frameworks",
				);
				MARKETING_VERSION = 1.0;
				PRODUCT_BUNDLE_IDENTIFIER = co.songpark.iTunesSearchApp;
				PRODUCT_NAME = "$(TARGET_NAME)";
				SWIFT_EMIT_LOC_STRINGS = YES;
				SWIFT_VERSION = 5.0;
				TARGETED_DEVICE_FAMILY = "1,2";
			};
			name = Release;
		};
		1ED4BC45289EA12800689911 /* Debug */ = {
			isa = XCBuildConfiguration;
			buildSettings = {
				ALWAYS_EMBED_SWIFT_STANDARD_LIBRARIES = YES;
				BUNDLE_LOADER = "$(TEST_HOST)";
				CODE_SIGN_STYLE = Automatic;
				CURRENT_PROJECT_VERSION = 1;
				DEVELOPMENT_TEAM = 35QFZC39DW;
				GENERATE_INFOPLIST_FILE = YES;
				IPHONEOS_DEPLOYMENT_TARGET = 15.5;
				MARKETING_VERSION = 1.0;
				PRODUCT_BUNDLE_IDENTIFIER = co.songpark.iTunesSearchAppTests;
				PRODUCT_NAME = "$(TARGET_NAME)";
				SWIFT_EMIT_LOC_STRINGS = NO;
				SWIFT_VERSION = 5.0;
				TARGETED_DEVICE_FAMILY = "1,2";
				TEST_HOST = "$(BUILT_PRODUCTS_DIR)/iTunesSearchApp.app/iTunesSearchApp";
			};
			name = Debug;
		};
		1ED4BC46289EA12800689911 /* Release */ = {
			isa = XCBuildConfiguration;
			buildSettings = {
				ALWAYS_EMBED_SWIFT_STANDARD_LIBRARIES = YES;
				BUNDLE_LOADER = "$(TEST_HOST)";
				CODE_SIGN_STYLE = Automatic;
				CURRENT_PROJECT_VERSION = 1;
				DEVELOPMENT_TEAM = 35QFZC39DW;
				GENERATE_INFOPLIST_FILE = YES;
				IPHONEOS_DEPLOYMENT_TARGET = 15.5;
				MARKETING_VERSION = 1.0;
				PRODUCT_BUNDLE_IDENTIFIER = co.songpark.iTunesSearchAppTests;
				PRODUCT_NAME = "$(TARGET_NAME)";
				SWIFT_EMIT_LOC_STRINGS = NO;
				SWIFT_VERSION = 5.0;
				TARGETED_DEVICE_FAMILY = "1,2";
				TEST_HOST = "$(BUILT_PRODUCTS_DIR)/iTunesSearchApp.app/iTunesSearchApp";
			};
			name = Release;
		};
		1ED4BC48289EA12800689911 /* Debug */ = {
			isa = XCBuildConfiguration;
			buildSettings = {
				ALWAYS_EMBED_SWIFT_STANDARD_LIBRARIES = YES;
				CODE_SIGN_STYLE = Automatic;
				CURRENT_PROJECT_VERSION = 1;
				DEVELOPMENT_TEAM = 35QFZC39DW;
				GENERATE_INFOPLIST_FILE = YES;
				MARKETING_VERSION = 1.0;
				PRODUCT_BUNDLE_IDENTIFIER = co.songpark.iTunesSearchAppUITests;
				PRODUCT_NAME = "$(TARGET_NAME)";
				SWIFT_EMIT_LOC_STRINGS = NO;
				SWIFT_VERSION = 5.0;
				TARGETED_DEVICE_FAMILY = "1,2";
				TEST_TARGET_NAME = iTunesSearchApp;
			};
			name = Debug;
		};
		1ED4BC49289EA12800689911 /* Release */ = {
			isa = XCBuildConfiguration;
			buildSettings = {
				ALWAYS_EMBED_SWIFT_STANDARD_LIBRARIES = YES;
				CODE_SIGN_STYLE = Automatic;
				CURRENT_PROJECT_VERSION = 1;
				DEVELOPMENT_TEAM = 35QFZC39DW;
				GENERATE_INFOPLIST_FILE = YES;
				MARKETING_VERSION = 1.0;
				PRODUCT_BUNDLE_IDENTIFIER = co.songpark.iTunesSearchAppUITests;
				PRODUCT_NAME = "$(TARGET_NAME)";
				SWIFT_EMIT_LOC_STRINGS = NO;
				SWIFT_VERSION = 5.0;
				TARGETED_DEVICE_FAMILY = "1,2";
				TEST_TARGET_NAME = iTunesSearchApp;
			};
			name = Release;
		};
/* End XCBuildConfiguration section */

/* Begin XCConfigurationList section */
		1ED4BC18289EA12600689911 /* Build configuration list for PBXProject "iTunesSearchApp" */ = {
			isa = XCConfigurationList;
			buildConfigurations = (
				1ED4BC3F289EA12800689911 /* Debug */,
				1ED4BC40289EA12800689911 /* Release */,
			);
			defaultConfigurationIsVisible = 0;
			defaultConfigurationName = Release;
		};
		1ED4BC41289EA12800689911 /* Build configuration list for PBXNativeTarget "iTunesSearchApp" */ = {
			isa = XCConfigurationList;
			buildConfigurations = (
				1ED4BC42289EA12800689911 /* Debug */,
				1ED4BC43289EA12800689911 /* Release */,
			);
			defaultConfigurationIsVisible = 0;
			defaultConfigurationName = Release;
		};
		1ED4BC44289EA12800689911 /* Build configuration list for PBXNativeTarget "iTunesSearchAppTests" */ = {
			isa = XCConfigurationList;
			buildConfigurations = (
				1ED4BC45289EA12800689911 /* Debug */,
				1ED4BC46289EA12800689911 /* Release */,
			);
			defaultConfigurationIsVisible = 0;
			defaultConfigurationName = Release;
		};
		1ED4BC47289EA12800689911 /* Build configuration list for PBXNativeTarget "iTunesSearchAppUITests" */ = {
			isa = XCConfigurationList;
			buildConfigurations = (
				1ED4BC48289EA12800689911 /* Debug */,
				1ED4BC49289EA12800689911 /* Release */,
			);
			defaultConfigurationIsVisible = 0;
			defaultConfigurationName = Release;
		};
/* End XCConfigurationList section */
	};
	rootObject = 1ED4BC15289EA12600689911 /* Project object */;
}
